
Microsoft Visual Studio Solution File, Format Version 12.00
# Visual Studio Version 17
VisualStudioVersion = 17.9.34622.214
MinimumVisualStudioVersion = 10.0.40219.1
Project("{9A19103F-16F7-4668-BE54-9A1E7A4F7556}") = "01_intro", "FirstCSApp\01_intro.csproj", "{8275193D-8729-4AD1-839E-21406D04843C}"
EndProject
Project("{9A19103F-16F7-4668-BE54-9A1E7A4F7556}") = "03_statements", "03_statements\03_statements.csproj", "{95DF1545-78DB-4425-800B-C890BCD1F187}"
EndProject
Project("{9A19103F-16F7-4668-BE54-9A1E7A4F7556}") = "07_file_system", "07_file_system\07_file_system.csproj", "{749A6B61-93FF-4338-99B1-6CEE070A3FEE}"
EndProject
Project("{9A19103F-16F7-4668-BE54-9A1E7A4F7556}") = "09_delegates", "09_delegates\09_delegates.csproj", "{62FF220A-2743-4661-8F00-9F469702F537}"
EndProject
Project("{9A19103F-16F7-4668-BE54-9A1E7A4F7556}") = "09_events", "09_events\09_events.csproj", "{414692E8-34CD-4449-B826-D5CA1D395B92}"
EndProject
Project("{FAE04EC0-301F-11D3-BF4B-00C04F79EFBC}") = "11_linq", "11_linq\11_linq.csproj", "{70650E07-5C17-45CE-B8AE-5FA38E765D00}"
EndProject
Global
	GlobalSection(SolutionConfigurationPlatforms) = preSolution
		Debug|Any CPU = Debug|Any CPU
		Release|Any CPU = Release|Any CPU
	EndGlobalSection
	GlobalSection(ProjectConfigurationPlatforms) = postSolution
		{8275193D-8729-4AD1-839E-21406D04843C}.Debug|Any CPU.ActiveCfg = Debug|Any CPU
		{8275193D-8729-4AD1-839E-21406D04843C}.Debug|Any CPU.Build.0 = Debug|Any CPU
		{8275193D-8729-4AD1-839E-21406D04843C}.Release|Any CPU.ActiveCfg = Release|Any CPU
		{8275193D-8729-4AD1-839E-21406D04843C}.Release|Any CPU.Build.0 = Release|Any CPU
		{95DF1545-78DB-4425-800B-C890BCD1F187}.Debug|Any CPU.ActiveCfg = Debug|Any CPU
		{95DF1545-78DB-4425-800B-C890BCD1F187}.Debug|Any CPU.Build.0 = Debug|Any CPU
		{95DF1545-78DB-4425-800B-C890BCD1F187}.Release|Any CPU.ActiveCfg = Release|Any CPU
		{95DF1545-78DB-4425-800B-C890BCD1F187}.Release|Any CPU.Build.0 = Release|Any CPU
		{749A6B61-93FF-4338-99B1-6CEE070A3FEE}.Debug|Any CPU.ActiveCfg = Debug|Any CPU
		{749A6B61-93FF-4338-99B1-6CEE070A3FEE}.Debug|Any CPU.Build.0 = Debug|Any CPU
		{749A6B61-93FF-4338-99B1-6CEE070A3FEE}.Release|Any CPU.ActiveCfg = Release|Any CPU
		{749A6B61-93FF-4338-99B1-6CEE070A3FEE}.Release|Any CPU.Build.0 = Release|Any CPU
		{62FF220A-2743-4661-8F00-9F469702F537}.Debug|Any CPU.ActiveCfg = Debug|Any CPU
		{62FF220A-2743-4661-8F00-9F469702F537}.Debug|Any CPU.Build.0 = Debug|Any CPU
		{62FF220A-2743-4661-8F00-9F469702F537}.Release|Any CPU.ActiveCfg = Release|Any CPU
		{62FF220A-2743-4661-8F00-9F469702F537}.Release|Any CPU.Build.0 = Release|Any CPU
		{414692E8-34CD-4449-B826-D5CA1D395B92}.Debug|Any CPU.ActiveCfg = Debug|Any CPU
		{414692E8-34CD-4449-B826-D5CA1D395B92}.Debug|Any CPU.Build.0 = Debug|Any CPU
		{414692E8-34CD-4449-B826-D5CA1D395B92}.Release|Any CPU.ActiveCfg = Release|Any CPU
		{414692E8-34CD-4449-B826-D5CA1D395B92}.Release|Any CPU.Build.0 = Release|Any CPU
		{70650E07-5C17-45CE-B8AE-5FA38E765D00}.Debug|Any CPU.ActiveCfg = Debug|Any CPU
		{70650E07-5C17-45CE-B8AE-5FA38E765D00}.Debug|Any CPU.Build.0 = Debug|Any CPU
		{70650E07-5C17-45CE-B8AE-5FA38E765D00}.Release|Any CPU.ActiveCfg = Release|Any CPU
		{70650E07-5C17-45CE-B8AE-5FA38E765D00}.Release|Any CPU.Build.0 = Release|Any CPU
	EndGlobalSection
	GlobalSection(SolutionProperties) = preSolution
		HideSolutionNode = FALSE
	EndGlobalSection
	GlobalSection(ExtensibilityGlobals) = postSolution
		SolutionGuid = {80A4A2AB-B3D3-4115-BF30-760DF196ED13}
	EndGlobalSection
EndGlobal
